// !$*UTF8*$!
{
	archiveVersion = 1;
	classes = {
	};
	objectVersion = 46;
	objects = {

/* Begin PBXBuildFile section */
		861CE7A61D3DE46700F33075 /* main.m in Sources */ = {isa = PBXBuildFile; fileRef = 861CE7A51D3DE46700F33075 /* main.m */; };
		861CE7A91D3DE46700F33075 /* AppDelegate.m in Sources */ = {isa = PBXBuildFile; fileRef = 861CE7A81D3DE46700F33075 /* AppDelegate.m */; };
		861CE7B21D3DE46700F33075 /* Main.storyboard in Resources */ = {isa = PBXBuildFile; fileRef = 861CE7B01D3DE46700F33075 /* Main.storyboard */; };
		861CE7B41D3DE46700F33075 /* Assets.xcassets in Resources */ = {isa = PBXBuildFile; fileRef = 861CE7B31D3DE46700F33075 /* Assets.xcassets */; };
		861CE7B71D3DE46700F33075 /* LaunchScreen.storyboard in Resources */ = {isa = PBXBuildFile; fileRef = 861CE7B51D3DE46700F33075 /* LaunchScreen.storyboard */; };
		861CE7BF1D3DE49900F33075 /* DJISDK.framework in Frameworks */ = {isa = PBXBuildFile; fileRef = 861CE7BE1D3DE49900F33075 /* DJISDK.framework */; };
		861CE7C11D3DE49E00F33075 /* DJISDK.framework in Embed Frameworks */ = {isa = PBXBuildFile; fileRef = 861CE7BE1D3DE49900F33075 /* DJISDK.framework */; settings = {ATTRIBUTES = (CodeSignOnCopy, RemoveHeadersOnCopy, ); }; };
		861CE7D01D3DE7B800F33075 /* config.json in Resources */ = {isa = PBXBuildFile; fileRef = 861CE7CF1D3DE7B800F33075 /* config.json */; };
		861CE7E71D3E760500F33075 /* MOSModel.m in Sources */ = {isa = PBXBuildFile; fileRef = 861CE7DB1D3E760500F33075 /* MOSModel.m */; };
		861CE7E81D3E760500F33075 /* MOSDynamicTableViewCell.m in Sources */ = {isa = PBXBuildFile; fileRef = 861CE7DE1D3E760500F33075 /* MOSDynamicTableViewCell.m */; };
		861CE7E91D3E760500F33075 /* MOSDynamicTableViewCell.xib in Resources */ = {isa = PBXBuildFile; fileRef = 861CE7DF1D3E760500F33075 /* MOSDynamicTableViewCell.xib */; };
		861CE7EA1D3E760500F33075 /* MOSJSONDynamicController.m in Sources */ = {isa = PBXBuildFile; fileRef = 861CE7E21D3E760500F33075 /* MOSJSONDynamicController.m */; };
		861CE7EF1D3E761A00F33075 /* MOSAction.m in Sources */ = {isa = PBXBuildFile; fileRef = 861CE7EE1D3E761A00F33075 /* MOSAction.m */; };
		8665E47A1D419BFB00E67120 /* MOSMainTabViewController.m in Sources */ = {isa = PBXBuildFile; fileRef = 8665E4791D419BFB00E67120 /* MOSMainTabViewController.m */; };
		8665E47D1D419D1400E67120 /* MOSSection.m in Sources */ = {isa = PBXBuildFile; fileRef = 8665E47C1D419D1400E67120 /* MOSSection.m */; };
		8665E4811D41A30300E67120 /* MOSProductCommunicationManager.m in Sources */ = {isa = PBXBuildFile; fileRef = 8665E4801D41A30300E67120 /* MOSProductCommunicationManager.m */; };
		8665E4851D4280DC00E67120 /* MOSLogConsoleViewController.m in Sources */ = {isa = PBXBuildFile; fileRef = 8665E4831D4280DC00E67120 /* MOSLogConsoleViewController.m */; };
		8665E4861D4280DC00E67120 /* MOSLogConsoleViewController.xib in Resources */ = {isa = PBXBuildFile; fileRef = 8665E4841D4280DC00E67120 /* MOSLogConsoleViewController.xib */; };
/* End PBXBuildFile section */

/* Begin PBXCopyFilesBuildPhase section */
		861CE7C21D3DE49F00F33075 /* Embed Frameworks */ = {
			isa = PBXCopyFilesBuildPhase;
			buildActionMask = 2147483647;
			dstPath = "";
			dstSubfolderSpec = 10;
			files = (
				861CE7C11D3DE49E00F33075 /* DJISDK.framework in Embed Frameworks */,
			);
			name = "Embed Frameworks";
			runOnlyForDeploymentPostprocessing = 0;
		};
/* End PBXCopyFilesBuildPhase section */

/* Begin PBXFileReference section */
		861CE7A11D3DE46700F33075 /* DJI O-SDK.app */ = {isa = PBXFileReference; explicitFileType = wrapper.application; includeInIndex = 0; path = "DJI O-SDK.app"; sourceTree = BUILT_PRODUCTS_DIR; };
		861CE7A51D3DE46700F33075 /* main.m */ = {isa = PBXFileReference; lastKnownFileType = sourcecode.c.objc; path = main.m; sourceTree = "<group>"; };
		861CE7A71D3DE46700F33075 /* AppDelegate.h */ = {isa = PBXFileReference; lastKnownFileType = sourcecode.c.h; path = AppDelegate.h; sourceTree = "<group>"; };
		861CE7A81D3DE46700F33075 /* AppDelegate.m */ = {isa = PBXFileReference; lastKnownFileType = sourcecode.c.objc; path = AppDelegate.m; sourceTree = "<group>"; };
		861CE7B11D3DE46700F33075 /* Base */ = {isa = PBXFileReference; lastKnownFileType = file.storyboard; name = Base; path = Base.lproj/Main.storyboard; sourceTree = "<group>"; };
		861CE7B31D3DE46700F33075 /* Assets.xcassets */ = {isa = PBXFileReference; lastKnownFileType = folder.assetcatalog; path = Assets.xcassets; sourceTree = "<group>"; };
		861CE7B61D3DE46700F33075 /* Base */ = {isa = PBXFileReference; lastKnownFileType = file.storyboard; name = Base; path = Base.lproj/LaunchScreen.storyboard; sourceTree = "<group>"; };
		861CE7B81D3DE46700F33075 /* Info.plist */ = {isa = PBXFileReference; lastKnownFileType = text.plist.xml; path = Info.plist; sourceTree = "<group>"; };
		861CE7BE1D3DE49900F33075 /* DJISDK.framework */ = {isa = PBXFileReference; lastKnownFileType = wrapper.framework; path = DJISDK.framework; sourceTree = "<group>"; };
		861CE7CF1D3DE7B800F33075 /* config.json */ = {isa = PBXFileReference; fileEncoding = 4; lastKnownFileType = text.json; path = config.json; sourceTree = "<group>"; };
		861CE7DA1D3E760500F33075 /* MOSModel.h */ = {isa = PBXFileReference; fileEncoding = 4; lastKnownFileType = sourcecode.c.h; path = MOSModel.h; sourceTree = "<group>"; };
		861CE7DB1D3E760500F33075 /* MOSModel.m */ = {isa = PBXFileReference; fileEncoding = 4; lastKnownFileType = sourcecode.c.objc; path = MOSModel.m; sourceTree = "<group>"; };
		861CE7DD1D3E760500F33075 /* MOSDynamicTableViewCell.h */ = {isa = PBXFileReference; fileEncoding = 4; lastKnownFileType = sourcecode.c.h; path = MOSDynamicTableViewCell.h; sourceTree = "<group>"; };
		861CE7DE1D3E760500F33075 /* MOSDynamicTableViewCell.m */ = {isa = PBXFileReference; fileEncoding = 4; lastKnownFileType = sourcecode.c.objc; path = MOSDynamicTableViewCell.m; sourceTree = "<group>"; };
		861CE7DF1D3E760500F33075 /* MOSDynamicTableViewCell.xib */ = {isa = PBXFileReference; fileEncoding = 4; lastKnownFileType = file.xib; path = MOSDynamicTableViewCell.xib; sourceTree = "<group>"; };
		861CE7E11D3E760500F33075 /* MOSJSONDynamicController.h */ = {isa = PBXFileReference; fileEncoding = 4; lastKnownFileType = sourcecode.c.h; path = MOSJSONDynamicController.h; sourceTree = "<group>"; };
		861CE7E21D3E760500F33075 /* MOSJSONDynamicController.m */ = {isa = PBXFileReference; fileEncoding = 4; lastKnownFileType = sourcecode.c.objc; path = MOSJSONDynamicController.m; sourceTree = "<group>"; };
		861CE7ED1D3E761A00F33075 /* MOSAction.h */ = {isa = PBXFileReference; fileEncoding = 4; lastKnownFileType = sourcecode.c.h; path = MOSAction.h; sourceTree = "<group>"; };
		861CE7EE1D3E761A00F33075 /* MOSAction.m */ = {isa = PBXFileReference; fileEncoding = 4; lastKnownFileType = sourcecode.c.objc; path = MOSAction.m; sourceTree = "<group>"; };
		8665E4781D419BFB00E67120 /* MOSMainTabViewController.h */ = {isa = PBXFileReference; fileEncoding = 4; lastKnownFileType = sourcecode.c.h; path = MOSMainTabViewController.h; sourceTree = "<group>"; };
		8665E4791D419BFB00E67120 /* MOSMainTabViewController.m */ = {isa = PBXFileReference; fileEncoding = 4; lastKnownFileType = sourcecode.c.objc; path = MOSMainTabViewController.m; sourceTree = "<group>"; };
		8665E47B1D419D1400E67120 /* MOSSection.h */ = {isa = PBXFileReference; fileEncoding = 4; lastKnownFileType = sourcecode.c.h; path = MOSSection.h; sourceTree = "<group>"; };
		8665E47C1D419D1400E67120 /* MOSSection.m */ = {isa = PBXFileReference; fileEncoding = 4; lastKnownFileType = sourcecode.c.objc; path = MOSSection.m; sourceTree = "<group>"; };
		8665E47F1D41A30300E67120 /* MOSProductCommunicationManager.h */ = {isa = PBXFileReference; fileEncoding = 4; lastKnownFileType = sourcecode.c.h; path = MOSProductCommunicationManager.h; sourceTree = "<group>"; };
		8665E4801D41A30300E67120 /* MOSProductCommunicationManager.m */ = {isa = PBXFileReference; fileEncoding = 4; lastKnownFileType = sourcecode.c.objc; path = MOSProductCommunicationManager.m; sourceTree = "<group>"; };
		8665E4821D4280DC00E67120 /* MOSLogConsoleViewController.h */ = {isa = PBXFileReference; fileEncoding = 4; lastKnownFileType = sourcecode.c.h; path = MOSLogConsoleViewController.h; sourceTree = "<group>"; };
		8665E4831D4280DC00E67120 /* MOSLogConsoleViewController.m */ = {isa = PBXFileReference; fileEncoding = 4; lastKnownFileType = sourcecode.c.objc; path = MOSLogConsoleViewController.m; sourceTree = "<group>"; };
		8665E4841D4280DC00E67120 /* MOSLogConsoleViewController.xib */ = {isa = PBXFileReference; fileEncoding = 4; lastKnownFileType = file.xib; path = MOSLogConsoleViewController.xib; sourceTree = "<group>"; };
/* End PBXFileReference section */

/* Begin PBXFrameworksBuildPhase section */
		861CE79E1D3DE46700F33075 /* Frameworks */ = {
			isa = PBXFrameworksBuildPhase;
			buildActionMask = 2147483647;
			files = (
				861CE7BF1D3DE49900F33075 /* DJISDK.framework in Frameworks */,
			);
			runOnlyForDeploymentPostprocessing = 0;
		};
/* End PBXFrameworksBuildPhase section */

/* Begin PBXGroup section */
		861CE7981D3DE46700F33075 = {
			isa = PBXGroup;
			children = (
				861CE7A31D3DE46700F33075 /* MOS */,
				861CE7A21D3DE46700F33075 /* Products */,
			);
			sourceTree = "<group>";
		};
		861CE7A21D3DE46700F33075 /* Products */ = {
			isa = PBXGroup;
			children = (
				861CE7A11D3DE46700F33075 /* DJI O-SDK.app */,
			);
			name = Products;
			sourceTree = "<group>";
		};
		861CE7A31D3DE46700F33075 /* MOS */ = {
			isa = PBXGroup;
			children = (
				861CE7CF1D3DE7B800F33075 /* config.json */,
				861CE7A71D3DE46700F33075 /* AppDelegate.h */,
				861CE7A81D3DE46700F33075 /* AppDelegate.m */,
				861CE7E01D3E760500F33075 /* ViewController */,
				861CE7DC1D3E760500F33075 /* UI */,
				8665E47E1D41A2D800E67120 /* Network */,
				861CE7D91D3E760500F33075 /* Model */,
				861CE7B01D3DE46700F33075 /* Main.storyboard */,
				861CE7B31D3DE46700F33075 /* Assets.xcassets */,
				861CE7B51D3DE46700F33075 /* LaunchScreen.storyboard */,
				861CE7B81D3DE46700F33075 /* Info.plist */,
				861CE7BE1D3DE49900F33075 /* DJISDK.framework */,
				861CE7A41D3DE46700F33075 /* Supporting Files */,
			);
			path = MOS;
			sourceTree = "<group>";
		};
		861CE7A41D3DE46700F33075 /* Supporting Files */ = {
			isa = PBXGroup;
			children = (
				861CE7A51D3DE46700F33075 /* main.m */,
			);
			name = "Supporting Files";
			sourceTree = "<group>";
		};
		861CE7D91D3E760500F33075 /* Model */ = {
			isa = PBXGroup;
			children = (
				861CE7DA1D3E760500F33075 /* MOSModel.h */,
				861CE7DB1D3E760500F33075 /* MOSModel.m */,
				8665E47B1D419D1400E67120 /* MOSSection.h */,
				8665E47C1D419D1400E67120 /* MOSSection.m */,
				861CE7ED1D3E761A00F33075 /* MOSAction.h */,
				861CE7EE1D3E761A00F33075 /* MOSAction.m */,
			);
			path = Model;
			sourceTree = "<group>";
		};
		861CE7DC1D3E760500F33075 /* UI */ = {
			isa = PBXGroup;
			children = (
				861CE7DD1D3E760500F33075 /* MOSDynamicTableViewCell.h */,
				861CE7DE1D3E760500F33075 /* MOSDynamicTableViewCell.m */,
				861CE7DF1D3E760500F33075 /* MOSDynamicTableViewCell.xib */,
			);
			path = UI;
			sourceTree = "<group>";
		};
		861CE7E01D3E760500F33075 /* ViewController */ = {
			isa = PBXGroup;
			children = (
				8665E4781D419BFB00E67120 /* MOSMainTabViewController.h */,
				8665E4791D419BFB00E67120 /* MOSMainTabViewController.m */,
				861CE7E11D3E760500F33075 /* MOSJSONDynamicController.h */,
				861CE7E21D3E760500F33075 /* MOSJSONDynamicController.m */,
				8665E4821D4280DC00E67120 /* MOSLogConsoleViewController.h */,
				8665E4831D4280DC00E67120 /* MOSLogConsoleViewController.m */,
				8665E4841D4280DC00E67120 /* MOSLogConsoleViewController.xib */,
			);
			path = ViewController;
			sourceTree = "<group>";
		};
		8665E47E1D41A2D800E67120 /* Network */ = {
			isa = PBXGroup;
			children = (
				8665E47F1D41A30300E67120 /* MOSProductCommunicationManager.h */,
				8665E4801D41A30300E67120 /* MOSProductCommunicationManager.m */,
			);
			name = Network;
			path = MOS/Network;
			sourceTree = SOURCE_ROOT;
		};
/* End PBXGroup section */

/* Begin PBXNativeTarget section */
		861CE7A01D3DE46700F33075 /* DJI O-SDK */ = {
			isa = PBXNativeTarget;
			buildConfigurationList = 861CE7BB1D3DE46700F33075 /* Build configuration list for PBXNativeTarget "DJI O-SDK" */;
			buildPhases = (
				861CE79D1D3DE46700F33075 /* Sources */,
				861CE79E1D3DE46700F33075 /* Frameworks */,
				861CE79F1D3DE46700F33075 /* Resources */,
				861CE7C21D3DE49F00F33075 /* Embed Frameworks */,
				861CE7F01D3E772400F33075 /* Additional Warnings */,
			);
			buildRules = (
			);
			dependencies = (
			);
			name = "DJI O-SDK";
			productName = MOS;
			productReference = 861CE7A11D3DE46700F33075 /* DJI O-SDK.app */;
			productType = "com.apple.product-type.application";
		};
/* End PBXNativeTarget section */

/* Begin PBXProject section */
		861CE7991D3DE46700F33075 /* Project object */ = {
			isa = PBXProject;
			attributes = {
				LastUpgradeCheck = 0730;
				ORGANIZATIONNAME = DJI;
				TargetAttributes = {
					861CE7A01D3DE46700F33075 = {
						CreatedOnToolsVersion = 7.3.1;
						DevelopmentTeam = SXS6Q226V6;
					};
				};
			};
			buildConfigurationList = 861CE79C1D3DE46700F33075 /* Build configuration list for PBXProject "MOS" */;
			compatibilityVersion = "Xcode 3.2";
			developmentRegion = English;
			hasScannedForEncodings = 0;
			knownRegions = (
				en,
				Base,
			);
			mainGroup = 861CE7981D3DE46700F33075;
			productRefGroup = 861CE7A21D3DE46700F33075 /* Products */;
			projectDirPath = "";
			projectRoot = "";
			targets = (
				861CE7A01D3DE46700F33075 /* DJI O-SDK */,
			);
		};
/* End PBXProject section */

/* Begin PBXResourcesBuildPhase section */
		861CE79F1D3DE46700F33075 /* Resources */ = {
			isa = PBXResourcesBuildPhase;
			buildActionMask = 2147483647;
			files = (
				861CE7B71D3DE46700F33075 /* LaunchScreen.storyboard in Resources */,
				8665E4861D4280DC00E67120 /* MOSLogConsoleViewController.xib in Resources */,
				861CE7D01D3DE7B800F33075 /* config.json in Resources */,
				861CE7B41D3DE46700F33075 /* Assets.xcassets in Resources */,
				861CE7B21D3DE46700F33075 /* Main.storyboard in Resources */,
				861CE7E91D3E760500F33075 /* MOSDynamicTableViewCell.xib in Resources */,
			);
			runOnlyForDeploymentPostprocessing = 0;
		};
/* End PBXResourcesBuildPhase section */

/* Begin PBXShellScriptBuildPhase section */
		861CE7F01D3E772400F33075 /* Additional Warnings */ = {
			isa = PBXShellScriptBuildPhase;
			buildActionMask = 2147483647;
			files = (
			);
			inputPaths = (
			);
			name = "Additional Warnings";
			outputPaths = (
			);
			runOnlyForDeploymentPostprocessing = 0;
			shellPath = /bin/sh;
			shellScript = "KEYWORDS=\"TODO:|FIXME:|\\?\\?\\?:|\\!\\!\\!:\"\nfind \"${SRCROOT}\" \\( -name \"*.h\" -or -name \"*.m\" -or -name \"*.swift\" \\) -print0 | xargs -0 egrep --with-filename --line-number --only-matching \"($KEYWORDS).*\\$\" | perl -p -e \"s/($KEYWORDS)/ warning: \\$1/\"";
		};
/* End PBXShellScriptBuildPhase section */

/* Begin PBXSourcesBuildPhase section */
		861CE79D1D3DE46700F33075 /* Sources */ = {
			isa = PBXSourcesBuildPhase;
			buildActionMask = 2147483647;
			files = (
				861CE7E71D3E760500F33075 /* MOSModel.m in Sources */,
				8665E4851D4280DC00E67120 /* MOSLogConsoleViewController.m in Sources */,
				8665E47A1D419BFB00E67120 /* MOSMainTabViewController.m in Sources */,
				861CE7A91D3DE46700F33075 /* AppDelegate.m in Sources */,
				8665E47D1D419D1400E67120 /* MOSSection.m in Sources */,
				861CE7A61D3DE46700F33075 /* main.m in Sources */,
				861CE7EF1D3E761A00F33075 /* MOSAction.m in Sources */,
				861CE7E81D3E760500F33075 /* MOSDynamicTableViewCell.m in Sources */,
				8665E4811D41A30300E67120 /* MOSProductCommunicationManager.m in Sources */,
				861CE7EA1D3E760500F33075 /* MOSJSONDynamicController.m in Sources */,
			);
			runOnlyForDeploymentPostprocessing = 0;
		};
/* End PBXSourcesBuildPhase section */

/* Begin PBXVariantGroup section */
		861CE7B01D3DE46700F33075 /* Main.storyboard */ = {
			isa = PBXVariantGroup;
			children = (
				861CE7B11D3DE46700F33075 /* Base */,
			);
			name = Main.storyboard;
			sourceTree = "<group>";
		};
		861CE7B51D3DE46700F33075 /* LaunchScreen.storyboard */ = {
			isa = PBXVariantGroup;
			children = (
				861CE7B61D3DE46700F33075 /* Base */,
			);
			name = LaunchScreen.storyboard;
			sourceTree = "<group>";
		};
/* End PBXVariantGroup section */

/* Begin XCBuildConfiguration section */
		861CE7B91D3DE46700F33075 /* Debug */ = {
			isa = XCBuildConfiguration;
			buildSettings = {
				ALWAYS_SEARCH_USER_PATHS = NO;
				CLANG_ANALYZER_NONNULL = YES;
				CLANG_CXX_LANGUAGE_STANDARD = "gnu++0x";
				CLANG_CXX_LIBRARY = "libc++";
				CLANG_ENABLE_MODULES = YES;
				CLANG_ENABLE_OBJC_ARC = YES;
				CLANG_WARN_BOOL_CONVERSION = YES;
				CLANG_WARN_CONSTANT_CONVERSION = YES;
				CLANG_WARN_DIRECT_OBJC_ISA_USAGE = YES_ERROR;
				CLANG_WARN_EMPTY_BODY = YES;
				CLANG_WARN_ENUM_CONVERSION = YES;
				CLANG_WARN_INT_CONVERSION = YES;
				CLANG_WARN_OBJC_ROOT_CLASS = YES_ERROR;
				CLANG_WARN_UNREACHABLE_CODE = YES;
				CLANG_WARN__DUPLICATE_METHOD_MATCH = YES;
				"CODE_SIGN_IDENTITY[sdk=iphoneos*]" = "iPhone Developer";
				COPY_PHASE_STRIP = NO;
				DEBUG_INFORMATION_FORMAT = dwarf;
				ENABLE_STRICT_OBJC_MSGSEND = YES;
				ENABLE_TESTABILITY = YES;
				GCC_C_LANGUAGE_STANDARD = gnu99;
				GCC_DYNAMIC_NO_PIC = NO;
				GCC_NO_COMMON_BLOCKS = YES;
				GCC_OPTIMIZATION_LEVEL = 0;
				GCC_PREPROCESSOR_DEFINITIONS = (
					"DEBUG=1",
					"$(inherited)",
				);
				GCC_WARN_64_TO_32_BIT_CONVERSION = YES;
				GCC_WARN_ABOUT_RETURN_TYPE = YES_ERROR;
				GCC_WARN_UNDECLARED_SELECTOR = YES;
				GCC_WARN_UNINITIALIZED_AUTOS = YES_AGGRESSIVE;
				GCC_WARN_UNUSED_FUNCTION = YES;
				GCC_WARN_UNUSED_VARIABLE = YES;
				IPHONEOS_DEPLOYMENT_TARGET = 9.3;
				MTL_ENABLE_DEBUG_INFO = YES;
				ONLY_ACTIVE_ARCH = YES;
				SDKROOT = iphoneos;
				TARGETED_DEVICE_FAMILY = "1,2";
			};
			name = Debug;
		};
		861CE7BA1D3DE46700F33075 /* Release */ = {
			isa = XCBuildConfiguration;
			buildSettings = {
				ALWAYS_SEARCH_USER_PATHS = NO;
				CLANG_ANALYZER_NONNULL = YES;
				CLANG_CXX_LANGUAGE_STANDARD = "gnu++0x";
				CLANG_CXX_LIBRARY = "libc++";
				CLANG_ENABLE_MODULES = YES;
				CLANG_ENABLE_OBJC_ARC = YES;
				CLANG_WARN_BOOL_CONVERSION = YES;
				CLANG_WARN_CONSTANT_CONVERSION = YES;
				CLANG_WARN_DIRECT_OBJC_ISA_USAGE = YES_ERROR;
				CLANG_WARN_EMPTY_BODY = YES;
				CLANG_WARN_ENUM_CONVERSION = YES;
				CLANG_WARN_INT_CONVERSION = YES;
				CLANG_WARN_OBJC_ROOT_CLASS = YES_ERROR;
				CLANG_WARN_UNREACHABLE_CODE = YES;
				CLANG_WARN__DUPLICATE_METHOD_MATCH = YES;
				"CODE_SIGN_IDENTITY[sdk=iphoneos*]" = "iPhone Developer";
				COPY_PHASE_STRIP = NO;
				DEBUG_INFORMATION_FORMAT = "dwarf-with-dsym";
				ENABLE_NS_ASSERTIONS = NO;
				ENABLE_STRICT_OBJC_MSGSEND = YES;
				GCC_C_LANGUAGE_STANDARD = gnu99;
				GCC_NO_COMMON_BLOCKS = YES;
				GCC_WARN_64_TO_32_BIT_CONVERSION = YES;
				GCC_WARN_ABOUT_RETURN_TYPE = YES_ERROR;
				GCC_WARN_UNDECLARED_SELECTOR = YES;
				GCC_WARN_UNINITIALIZED_AUTOS = YES_AGGRESSIVE;
				GCC_WARN_UNUSED_FUNCTION = YES;
				GCC_WARN_UNUSED_VARIABLE = YES;
				IPHONEOS_DEPLOYMENT_TARGET = 9.3;
				MTL_ENABLE_DEBUG_INFO = NO;
				SDKROOT = iphoneos;
				TARGETED_DEVICE_FAMILY = "1,2";
				VALIDATE_PRODUCT = YES;
			};
			name = Release;
		};
		861CE7BC1D3DE46700F33075 /* Debug */ = {
			isa = XCBuildConfiguration;
			buildSettings = {
				ASSETCATALOG_COMPILER_APPICON_NAME = AppIcon;
				CODE_SIGN_IDENTITY = "iPhone Developer";
				"CODE_SIGN_IDENTITY[sdk=iphoneos*]" = "iPhone Developer";
				ENABLE_BITCODE = NO;
				FRAMEWORK_SEARCH_PATHS = (
					"$(inherited)",
					"$(PROJECT_DIR)/MOS",
				);
				INFOPLIST_FILE = MOS/Info.plist;
				IPHONEOS_DEPLOYMENT_TARGET = 9.2;
				LD_RUNPATH_SEARCH_PATHS = "$(inherited) @executable_path/Frameworks";
				PRODUCT_BUNDLE_IDENTIFIER = com.dji.am.MOSDJI;
				PRODUCT_NAME = "$(TARGET_NAME)";
				PROVISIONING_PROFILE = "";
				TARGETED_DEVICE_FAMILY = "1,2";
			};
			name = Debug;
		};
		861CE7BD1D3DE46700F33075 /* Release */ = {
			isa = XCBuildConfiguration;
			buildSettings = {
				ASSETCATALOG_COMPILER_APPICON_NAME = AppIcon;
				CODE_SIGN_IDENTITY = "iPhone Developer";
				"CODE_SIGN_IDENTITY[sdk=iphoneos*]" = "iPhone Developer";
				ENABLE_BITCODE = NO;
				FRAMEWORK_SEARCH_PATHS = (
					"$(inherited)",
					"$(PROJECT_DIR)/MOS",
				);
				INFOPLIST_FILE = MOS/Info.plist;
				IPHONEOS_DEPLOYMENT_TARGET = 9.2;
				LD_RUNPATH_SEARCH_PATHS = "$(inherited) @executable_path/Frameworks";
				PRODUCT_BUNDLE_IDENTIFIER = com.dji.am.MOSDJI;
				PRODUCT_NAME = "$(TARGET_NAME)";
				PROVISIONING_PROFILE = "";
				TARGETED_DEVICE_FAMILY = "1,2";
			};
			name = Release;
		};
/* End XCBuildConfiguration section */

/* Begin XCConfigurationList section */
		861CE79C1D3DE46700F33075 /* Build configuration list for PBXProject "MOS" */ = {
			isa = XCConfigurationList;
			buildConfigurations = (
				861CE7B91D3DE46700F33075 /* Debug */,
				861CE7BA1D3DE46700F33075 /* Release */,
			);
			defaultConfigurationIsVisible = 0;
			defaultConfigurationName = Release;
		};
		861CE7BB1D3DE46700F33075 /* Build configuration list for PBXNativeTarget "DJI O-SDK" */ = {
			isa = XCConfigurationList;
			buildConfigurations = (
				861CE7BC1D3DE46700F33075 /* Debug */,
				861CE7BD1D3DE46700F33075 /* Release */,
			);
			defaultConfigurationIsVisible = 0;
			defaultConfigurationName = Release;
		};
/* End XCConfigurationList section */
	};
	rootObject = 861CE7991D3DE46700F33075 /* Project object */;
}
